
Microsoft Visual Studio Solution File, Format Version 12.00
# Visual Studio Version 17
VisualStudioVersion = 17.5.002.0
MinimumVisualStudioVersion = 10.0.40219.1
Project("{2150E333-8FDC-42A3-9474-1A3956D46DE8}") = "src", "src", "{289C869A-A59D-44AC-B01F-FDFBFB474CE4}"
EndProject
Project("{9A19103F-16F7-4668-BE54-9A1E7A4F7556}") = "02_05b", "src\02_05b\02_05b.csproj", "{54AC6B04-CB74-4F06-9CE6-8915EBF93F2D}"
EndProject
Project("{9A19103F-16F7-4668-BE54-9A1E7A4F7556}") = "02_05", "src\02_05e\02_05.csproj", "{C1CE00AB-CE7C-44FE-A89E-1E81F440D0DC}"
EndProject
Project("{FAE04EC0-301F-11D3-BF4B-00C04F79EFBC}") = "03_03e", "src\03_03e\03_03e.csproj", "{6A938555-292A-4D5F-94B8-B365FF0AF432}"
EndProject
Project("{FAE04EC0-301F-11D3-BF4B-00C04F79EFBC}") = "03_05e", "src\03_05e\03_05e.csproj", "{2E058C02-90F5-48DF-9D76-53E6F8034B3A}"
EndProject
Project("{FAE04EC0-301F-11D3-BF4B-00C04F79EFBC}") = "03_05b", "src\03_05b\03_05b.csproj", "{B5366A91-59AC-4321-A954-61D89AA98275}"
EndProject
Project("{FAE04EC0-301F-11D3-BF4B-00C04F79EFBC}") = "03_03b", "src\03_03b\03_03b.csproj", "{B24CFA0D-14E5-42FA-9C2E-C46DEF2791BE}"
EndProject
Project("{FAE04EC0-301F-11D3-BF4B-00C04F79EFBC}") = "03_08b", "src\03_08b\03_08b.csproj", "{55918B63-68B7-477D-8290-B78D07E6BF05}"
EndProject
Project("{FAE04EC0-301F-11D3-BF4B-00C04F79EFBC}") = "03_08e", "src\03_08e\03_08e.csproj", "{497395D9-21C7-49F4-BBB7-B6F517FAC2C9}"
EndProject
Project("{FAE04EC0-301F-11D3-BF4B-00C04F79EFBC}") = "03_10e", "src\03_10e\03_10e.csproj", "{7F4C14BE-B0C5-461B-BFDE-17B7AF63F989}"
EndProject
Project("{FAE04EC0-301F-11D3-BF4B-00C04F79EFBC}") = "03_10b", "src\03_10b\03_10b.csproj", "{8D6AB664-BC27-42CA-9161-329D6F0045CE}"
EndProject
Project("{FAE04EC0-301F-11D3-BF4B-00C04F79EFBC}") = "04_03b", "src\04_03b\04_03b.csproj", "{62EF5CD5-960F-4F7D-BFE0-9B9E5192C6AB}"
EndProject
Project("{FAE04EC0-301F-11D3-BF4B-00C04F79EFBC}") = "04_03e", "src\04_03e\04_03e.csproj", "{3C836C76-1DC9-4B14-9FC8-191F69348B7A}"
EndProject
Project("{FAE04EC0-301F-11D3-BF4B-00C04F79EFBC}") = "04_05b", "src\04_05b\04_05b.csproj", "{83B8D717-246C-4896-B1CE-99E8B85A6671}"
EndProject
Project("{FAE04EC0-301F-11D3-BF4B-00C04F79EFBC}") = "04_05e", "src\04_05e\04_05e.csproj", "{21503872-6E50-448C-9CF9-0D17C3638799}"
EndProject
Project("{FAE04EC0-301F-11D3-BF4B-00C04F79EFBC}") = "04_07b", "src\04_07b\04_07b.csproj", "{F0230F5F-745D-45EA-87CC-06443B0ED1DF}"
EndProject
Project("{FAE04EC0-301F-11D3-BF4B-00C04F79EFBC}") = "04_07e", "src\04_07e\04_07e.csproj", "{EA0C2FE1-C5F8-46A2-8C9B-D8C300DF63EA}"
EndProject
Global
	GlobalSection(SolutionConfigurationPlatforms) = preSolution
		Debug|Any CPU = Debug|Any CPU
		Release|Any CPU = Release|Any CPU
	EndGlobalSection
	GlobalSection(ProjectConfigurationPlatforms) = postSolution
		{54AC6B04-CB74-4F06-9CE6-8915EBF93F2D}.Debug|Any CPU.ActiveCfg = Debug|Any CPU
		{54AC6B04-CB74-4F06-9CE6-8915EBF93F2D}.Debug|Any CPU.Build.0 = Debug|Any CPU
		{54AC6B04-CB74-4F06-9CE6-8915EBF93F2D}.Release|Any CPU.ActiveCfg = Release|Any CPU
		{54AC6B04-CB74-4F06-9CE6-8915EBF93F2D}.Release|Any CPU.Build.0 = Release|Any CPU
		{C1CE00AB-CE7C-44FE-A89E-1E81F440D0DC}.Debug|Any CPU.ActiveCfg = Debug|Any CPU
		{C1CE00AB-CE7C-44FE-A89E-1E81F440D0DC}.Debug|Any CPU.Build.0 = Debug|Any CPU
		{C1CE00AB-CE7C-44FE-A89E-1E81F440D0DC}.Release|Any CPU.ActiveCfg = Release|Any CPU
		{C1CE00AB-CE7C-44FE-A89E-1E81F440D0DC}.Release|Any CPU.Build.0 = Release|Any CPU
		{6A938555-292A-4D5F-94B8-B365FF0AF432}.Debug|Any CPU.ActiveCfg = Debug|Any CPU
		{6A938555-292A-4D5F-94B8-B365FF0AF432}.Debug|Any CPU.Build.0 = Debug|Any CPU
		{6A938555-292A-4D5F-94B8-B365FF0AF432}.Release|Any CPU.ActiveCfg = Release|Any CPU
		{6A938555-292A-4D5F-94B8-B365FF0AF432}.Release|Any CPU.Build.0 = Release|Any CPU
		{2E058C02-90F5-48DF-9D76-53E6F8034B3A}.Debug|Any CPU.ActiveCfg = Debug|Any CPU
		{2E058C02-90F5-48DF-9D76-53E6F8034B3A}.Debug|Any CPU.Build.0 = Debug|Any CPU
		{2E058C02-90F5-48DF-9D76-53E6F8034B3A}.Release|Any CPU.ActiveCfg = Release|Any CPU
		{2E058C02-90F5-48DF-9D76-53E6F8034B3A}.Release|Any CPU.Build.0 = Release|Any CPU
		{B5366A91-59AC-4321-A954-61D89AA98275}.Debug|Any CPU.ActiveCfg = Debug|Any CPU
		{B5366A91-59AC-4321-A954-61D89AA98275}.Debug|Any CPU.Build.0 = Debug|Any CPU
		{B5366A91-59AC-4321-A954-61D89AA98275}.Release|Any CPU.ActiveCfg = Release|Any CPU
		{B5366A91-59AC-4321-A954-61D89AA98275}.Release|Any CPU.Build.0 = Release|Any CPU
		{B24CFA0D-14E5-42FA-9C2E-C46DEF2791BE}.Debug|Any CPU.ActiveCfg = Debug|Any CPU
		{B24CFA0D-14E5-42FA-9C2E-C46DEF2791BE}.Debug|Any CPU.Build.0 = Debug|Any CPU
		{B24CFA0D-14E5-42FA-9C2E-C46DEF2791BE}.Release|Any CPU.ActiveCfg = Release|Any CPU
		{B24CFA0D-14E5-42FA-9C2E-C46DEF2791BE}.Release|Any CPU.Build.0 = Release|Any CPU
		{55918B63-68B7-477D-8290-B78D07E6BF05}.Debug|Any CPU.ActiveCfg = Debug|Any CPU
		{55918B63-68B7-477D-8290-B78D07E6BF05}.Debug|Any CPU.Build.0 = Debug|Any CPU
		{55918B63-68B7-477D-8290-B78D07E6BF05}.Release|Any CPU.ActiveCfg = Release|Any CPU
		{55918B63-68B7-477D-8290-B78D07E6BF05}.Release|Any CPU.Build.0 = Release|Any CPU
		{497395D9-21C7-49F4-BBB7-B6F517FAC2C9}.Debug|Any CPU.ActiveCfg = Debug|Any CPU
		{497395D9-21C7-49F4-BBB7-B6F517FAC2C9}.Debug|Any CPU.Build.0 = Debug|Any CPU
		{497395D9-21C7-49F4-BBB7-B6F517FAC2C9}.Release|Any CPU.ActiveCfg = Release|Any CPU
		{497395D9-21C7-49F4-BBB7-B6F517FAC2C9}.Release|Any CPU.Build.0 = Release|Any CPU
		{7F4C14BE-B0C5-461B-BFDE-17B7AF63F989}.Debug|Any CPU.ActiveCfg = Debug|Any CPU
		{7F4C14BE-B0C5-461B-BFDE-17B7AF63F989}.Debug|Any CPU.Build.0 = Debug|Any CPU
		{7F4C14BE-B0C5-461B-BFDE-17B7AF63F989}.Release|Any CPU.ActiveCfg = Release|Any CPU
		{7F4C14BE-B0C5-461B-BFDE-17B7AF63F989}.Release|Any CPU.Build.0 = Release|Any CPU
		{8D6AB664-BC27-42CA-9161-329D6F0045CE}.Debug|Any CPU.ActiveCfg = Debug|Any CPU
		{8D6AB664-BC27-42CA-9161-329D6F0045CE}.Debug|Any CPU.Build.0 = Debug|Any CPU
		{8D6AB664-BC27-42CA-9161-329D6F0045CE}.Release|Any CPU.ActiveCfg = Release|Any CPU
		{8D6AB664-BC27-42CA-9161-329D6F0045CE}.Release|Any CPU.Build.0 = Release|Any CPU
		{62EF5CD5-960F-4F7D-BFE0-9B9E5192C6AB}.Debug|Any CPU.ActiveCfg = Debug|Any CPU
		{62EF5CD5-960F-4F7D-BFE0-9B9E5192C6AB}.Debug|Any CPU.Build.0 = Debug|Any CPU
		{62EF5CD5-960F-4F7D-BFE0-9B9E5192C6AB}.Release|Any CPU.ActiveCfg = Release|Any CPU
		{62EF5CD5-960F-4F7D-BFE0-9B9E5192C6AB}.Release|Any CPU.Build.0 = Release|Any CPU
		{3C836C76-1DC9-4B14-9FC8-191F69348B7A}.Debug|Any CPU.ActiveCfg = Debug|Any CPU
		{3C836C76-1DC9-4B14-9FC8-191F69348B7A}.Debug|Any CPU.Build.0 = Debug|Any CPU
		{3C836C76-1DC9-4B14-9FC8-191F69348B7A}.Release|Any CPU.ActiveCfg = Release|Any CPU
		{3C836C76-1DC9-4B14-9FC8-191F69348B7A}.Release|Any CPU.Build.0 = Release|Any CPU
		{83B8D717-246C-4896-B1CE-99E8B85A6671}.Debug|Any CPU.ActiveCfg = Debug|Any CPU
		{83B8D717-246C-4896-B1CE-99E8B85A6671}.Debug|Any CPU.Build.0 = Debug|Any CPU
		{83B8D717-246C-4896-B1CE-99E8B85A6671}.Release|Any CPU.ActiveCfg = Release|Any CPU
		{83B8D717-246C-4896-B1CE-99E8B85A6671}.Release|Any CPU.Build.0 = Release|Any CPU
		{21503872-6E50-448C-9CF9-0D17C3638799}.Debug|Any CPU.ActiveCfg = Debug|Any CPU
		{21503872-6E50-448C-9CF9-0D17C3638799}.Debug|Any CPU.Build.0 = Debug|Any CPU
		{21503872-6E50-448C-9CF9-0D17C3638799}.Release|Any CPU.ActiveCfg = Release|Any CPU
		{21503872-6E50-448C-9CF9-0D17C3638799}.Release|Any CPU.Build.0 = Release|Any CPU
		{F0230F5F-745D-45EA-87CC-06443B0ED1DF}.Debug|Any CPU.ActiveCfg = Debug|Any CPU
		{F0230F5F-745D-45EA-87CC-06443B0ED1DF}.Debug|Any CPU.Build.0 = Debug|Any CPU
		{F0230F5F-745D-45EA-87CC-06443B0ED1DF}.Release|Any CPU.ActiveCfg = Release|Any CPU
		{F0230F5F-745D-45EA-87CC-06443B0ED1DF}.Release|Any CPU.Build.0 = Release|Any CPU
		{EA0C2FE1-C5F8-46A2-8C9B-D8C300DF63EA}.Debug|Any CPU.ActiveCfg = Debug|Any CPU
		{EA0C2FE1-C5F8-46A2-8C9B-D8C300DF63EA}.Debug|Any CPU.Build.0 = Debug|Any CPU
		{EA0C2FE1-C5F8-46A2-8C9B-D8C300DF63EA}.Release|Any CPU.ActiveCfg = Release|Any CPU
		{EA0C2FE1-C5F8-46A2-8C9B-D8C300DF63EA}.Release|Any CPU.Build.0 = Release|Any CPU
	EndGlobalSection
	GlobalSection(SolutionProperties) = preSolution
		HideSolutionNode = FALSE
	EndGlobalSection
	GlobalSection(NestedProjects) = preSolution
		{54AC6B04-CB74-4F06-9CE6-8915EBF93F2D} = {289C869A-A59D-44AC-B01F-FDFBFB474CE4}
		{C1CE00AB-CE7C-44FE-A89E-1E81F440D0DC} = {289C869A-A59D-44AC-B01F-FDFBFB474CE4}
		{6A938555-292A-4D5F-94B8-B365FF0AF432} = {289C869A-A59D-44AC-B01F-FDFBFB474CE4}
		{2E058C02-90F5-48DF-9D76-53E6F8034B3A} = {289C869A-A59D-44AC-B01F-FDFBFB474CE4}
		{B5366A91-59AC-4321-A954-61D89AA98275} = {289C869A-A59D-44AC-B01F-FDFBFB474CE4}
		{B24CFA0D-14E5-42FA-9C2E-C46DEF2791BE} = {289C869A-A59D-44AC-B01F-FDFBFB474CE4}
		{55918B63-68B7-477D-8290-B78D07E6BF05} = {289C869A-A59D-44AC-B01F-FDFBFB474CE4}
		{497395D9-21C7-49F4-BBB7-B6F517FAC2C9} = {289C869A-A59D-44AC-B01F-FDFBFB474CE4}
		{7F4C14BE-B0C5-461B-BFDE-17B7AF63F989} = {289C869A-A59D-44AC-B01F-FDFBFB474CE4}
		{8D6AB664-BC27-42CA-9161-329D6F0045CE} = {289C869A-A59D-44AC-B01F-FDFBFB474CE4}
		{62EF5CD5-960F-4F7D-BFE0-9B9E5192C6AB} = {289C869A-A59D-44AC-B01F-FDFBFB474CE4}
		{3C836C76-1DC9-4B14-9FC8-191F69348B7A} = {289C869A-A59D-44AC-B01F-FDFBFB474CE4}
		{83B8D717-246C-4896-B1CE-99E8B85A6671} = {289C869A-A59D-44AC-B01F-FDFBFB474CE4}
		{21503872-6E50-448C-9CF9-0D17C3638799} = {289C869A-A59D-44AC-B01F-FDFBFB474CE4}
		{F0230F5F-745D-45EA-87CC-06443B0ED1DF} = {289C869A-A59D-44AC-B01F-FDFBFB474CE4}
		{EA0C2FE1-C5F8-46A2-8C9B-D8C300DF63EA} = {289C869A-A59D-44AC-B01F-FDFBFB474CE4}
	EndGlobalSection
	GlobalSection(ExtensibilityGlobals) = postSolution
		SolutionGuid = {0EA9EA67-CD0B-49AC-B87A-F9F3E9085511}
	EndGlobalSection
EndGlobal
