
Microsoft Visual Studio Solution File, Format Version 12.00
# Visual Studio Version 17
VisualStudioVersion = 17.5.002.0
MinimumVisualStudioVersion = 10.0.40219.1
Project("{2150E333-8FDC-42A3-9474-1A3956D46DE8}") = "src", "src", "{289C869A-A59D-44AC-B01F-FDFBFB474CE4}"
EndProject
Project("{9A19103F-16F7-4668-BE54-9A1E7A4F7556}") = "02_05b", "src\02_05b\02_05b.csproj", "{54AC6B04-CB74-4F06-9CE6-8915EBF93F2D}"
EndProject
Project("{9A19103F-16F7-4668-BE54-9A1E7A4F7556}") = "02_05", "src\02_05e\02_05.csproj", "{C1CE00AB-CE7C-44FE-A89E-1E81F440D0DC}"
EndProject
Project("{FAE04EC0-301F-11D3-BF4B-00C04F79EFBC}") = "03_03e", "src\03_03e\03_03e.csproj", "{6A938555-292A-4D5F-94B8-B365FF0AF432}"
EndProject
Project("{FAE04EC0-301F-11D3-BF4B-00C04F79EFBC}") = "03_05e", "src\03_05e\03_05e.csproj", "{2E058C02-90F5-48DF-9D76-53E6F8034B3A}"
EndProject
Project("{FAE04EC0-301F-11D3-BF4B-00C04F79EFBC}") = "03_05b", "src\03_05b\03_05b.csproj", "{B5366A91-59AC-4321-A954-61D89AA98275}"
EndProject
Project("{FAE04EC0-301F-11D3-BF4B-00C04F79EFBC}") = "03_03b", "src\03_03b\03_03b.csproj", "{B24CFA0D-14E5-42FA-9C2E-C46DEF2791BE}"
EndProject
Project("{FAE04EC0-301F-11D3-BF4B-00C04F79EFBC}") = "03_08b", "src\03_08b\03_08b.csproj", "{55918B63-68B7-477D-8290-B78D07E6BF05}"
EndProject
Project("{FAE04EC0-301F-11D3-BF4B-00C04F79EFBC}") = "03_08e", "src\03_08e\03_08e.csproj", "{497395D9-21C7-49F4-BBB7-B6F517FAC2C9}"
EndProject
Global
	GlobalSection(SolutionConfigurationPlatforms) = preSolution
		Debug|Any CPU = Debug|Any CPU
		Release|Any CPU = Release|Any CPU
	EndGlobalSection
	GlobalSection(ProjectConfigurationPlatforms) = postSolution
		{54AC6B04-CB74-4F06-9CE6-8915EBF93F2D}.Debug|Any CPU.ActiveCfg = Debug|Any CPU
		{54AC6B04-CB74-4F06-9CE6-8915EBF93F2D}.Debug|Any CPU.Build.0 = Debug|Any CPU
		{54AC6B04-CB74-4F06-9CE6-8915EBF93F2D}.Release|Any CPU.ActiveCfg = Release|Any CPU
		{54AC6B04-CB74-4F06-9CE6-8915EBF93F2D}.Release|Any CPU.Build.0 = Release|Any CPU
		{C1CE00AB-CE7C-44FE-A89E-1E81F440D0DC}.Debug|Any CPU.ActiveCfg = Debug|Any CPU
		{C1CE00AB-CE7C-44FE-A89E-1E81F440D0DC}.Debug|Any CPU.Build.0 = Debug|Any CPU
		{C1CE00AB-CE7C-44FE-A89E-1E81F440D0DC}.Release|Any CPU.ActiveCfg = Release|Any CPU
		{C1CE00AB-CE7C-44FE-A89E-1E81F440D0DC}.Release|Any CPU.Build.0 = Release|Any CPU
		{6A938555-292A-4D5F-94B8-B365FF0AF432}.Debug|Any CPU.ActiveCfg = Debug|Any CPU
		{6A938555-292A-4D5F-94B8-B365FF0AF432}.Debug|Any CPU.Build.0 = Debug|Any CPU
		{6A938555-292A-4D5F-94B8-B365FF0AF432}.Release|Any CPU.ActiveCfg = Release|Any CPU
		{6A938555-292A-4D5F-94B8-B365FF0AF432}.Release|Any CPU.Build.0 = Release|Any CPU
		{2E058C02-90F5-48DF-9D76-53E6F8034B3A}.Debug|Any CPU.ActiveCfg = Debug|Any CPU
		{2E058C02-90F5-48DF-9D76-53E6F8034B3A}.Debug|Any CPU.Build.0 = Debug|Any CPU
		{2E058C02-90F5-48DF-9D76-53E6F8034B3A}.Release|Any CPU.ActiveCfg = Release|Any CPU
		{2E058C02-90F5-48DF-9D76-53E6F8034B3A}.Release|Any CPU.Build.0 = Release|Any CPU
		{B5366A91-59AC-4321-A954-61D89AA98275}.Debug|Any CPU.ActiveCfg = Debug|Any CPU
		{B5366A91-59AC-4321-A954-61D89AA98275}.Debug|Any CPU.Build.0 = Debug|Any CPU
		{B5366A91-59AC-4321-A954-61D89AA98275}.Release|Any CPU.ActiveCfg = Release|Any CPU
		{B5366A91-59AC-4321-A954-61D89AA98275}.Release|Any CPU.Build.0 = Release|Any CPU
		{B24CFA0D-14E5-42FA-9C2E-C46DEF2791BE}.Debug|Any CPU.ActiveCfg = Debug|Any CPU
		{B24CFA0D-14E5-42FA-9C2E-C46DEF2791BE}.Debug|Any CPU.Build.0 = Debug|Any CPU
		{B24CFA0D-14E5-42FA-9C2E-C46DEF2791BE}.Release|Any CPU.ActiveCfg = Release|Any CPU
		{B24CFA0D-14E5-42FA-9C2E-C46DEF2791BE}.Release|Any CPU.Build.0 = Release|Any CPU
		{55918B63-68B7-477D-8290-B78D07E6BF05}.Debug|Any CPU.ActiveCfg = Debug|Any CPU
		{55918B63-68B7-477D-8290-B78D07E6BF05}.Debug|Any CPU.Build.0 = Debug|Any CPU
		{55918B63-68B7-477D-8290-B78D07E6BF05}.Release|Any CPU.ActiveCfg = Release|Any CPU
		{55918B63-68B7-477D-8290-B78D07E6BF05}.Release|Any CPU.Build.0 = Release|Any CPU
		{497395D9-21C7-49F4-BBB7-B6F517FAC2C9}.Debug|Any CPU.ActiveCfg = Debug|Any CPU
		{497395D9-21C7-49F4-BBB7-B6F517FAC2C9}.Debug|Any CPU.Build.0 = Debug|Any CPU
		{497395D9-21C7-49F4-BBB7-B6F517FAC2C9}.Release|Any CPU.ActiveCfg = Release|Any CPU
		{497395D9-21C7-49F4-BBB7-B6F517FAC2C9}.Release|Any CPU.Build.0 = Release|Any CPU
	EndGlobalSection
	GlobalSection(SolutionProperties) = preSolution
		HideSolutionNode = FALSE
	EndGlobalSection
	GlobalSection(NestedProjects) = preSolution
		{54AC6B04-CB74-4F06-9CE6-8915EBF93F2D} = {289C869A-A59D-44AC-B01F-FDFBFB474CE4}
		{C1CE00AB-CE7C-44FE-A89E-1E81F440D0DC} = {289C869A-A59D-44AC-B01F-FDFBFB474CE4}
		{6A938555-292A-4D5F-94B8-B365FF0AF432} = {289C869A-A59D-44AC-B01F-FDFBFB474CE4}
		{2E058C02-90F5-48DF-9D76-53E6F8034B3A} = {289C869A-A59D-44AC-B01F-FDFBFB474CE4}
		{B5366A91-59AC-4321-A954-61D89AA98275} = {289C869A-A59D-44AC-B01F-FDFBFB474CE4}
		{B24CFA0D-14E5-42FA-9C2E-C46DEF2791BE} = {289C869A-A59D-44AC-B01F-FDFBFB474CE4}
		{55918B63-68B7-477D-8290-B78D07E6BF05} = {289C869A-A59D-44AC-B01F-FDFBFB474CE4}
		{497395D9-21C7-49F4-BBB7-B6F517FAC2C9} = {289C869A-A59D-44AC-B01F-FDFBFB474CE4}
	EndGlobalSection
	GlobalSection(ExtensibilityGlobals) = postSolution
		SolutionGuid = {0EA9EA67-CD0B-49AC-B87A-F9F3E9085511}
	EndGlobalSection
EndGlobal
